
Microsoft Visual Studio Solution File, Format Version 12.00
# Visual Studio Version 17
VisualStudioVersion = 17.4.33213.308
MinimumVisualStudioVersion = 10.0.40219.1
Project("{9A19103F-16F7-4668-BE54-9A1E7A4F7556}") = "SignalRPractice", "SignalRPractice\SignalRPractice.csproj", "{68464D86-CBCD-4F73-9F40-120365070FEA}"
EndProject
Project("{9A19103F-16F7-4668-BE54-9A1E7A4F7556}") = "RabbitConsumerForNotification", "RabbitConsumerForNotification\RabbitConsumerForNotification.csproj", "{EEC10C91-0DB9-4BD8-9B93-414131C3168F}"
EndProject
Project("{54A90642-561A-4BB1-A94E-469ADEE60C69}") = "ClientApplication", "ClientApplication\ClientApplication.esproj", "{4714C09B-40E2-454D-AC18-905EE0CF3FB3}"
EndProject
Global
	GlobalSection(SolutionConfigurationPlatforms) = preSolution
		Debug|Any CPU = Debug|Any CPU
		Release|Any CPU = Release|Any CPU
	EndGlobalSection
	GlobalSection(ProjectConfigurationPlatforms) = postSolution
		{68464D86-CBCD-4F73-9F40-120365070FEA}.Debug|Any CPU.ActiveCfg = Debug|Any CPU
		{68464D86-CBCD-4F73-9F40-120365070FEA}.Debug|Any CPU.Build.0 = Debug|Any CPU
		{68464D86-CBCD-4F73-9F40-120365070FEA}.Release|Any CPU.ActiveCfg = Release|Any CPU
		{68464D86-CBCD-4F73-9F40-120365070FEA}.Release|Any CPU.Build.0 = Release|Any CPU
		{EEC10C91-0DB9-4BD8-9B93-414131C3168F}.Debug|Any CPU.ActiveCfg = Debug|Any CPU
		{EEC10C91-0DB9-4BD8-9B93-414131C3168F}.Debug|Any CPU.Build.0 = Debug|Any CPU
		{EEC10C91-0DB9-4BD8-9B93-414131C3168F}.Release|Any CPU.ActiveCfg = Release|Any CPU
		{EEC10C91-0DB9-4BD8-9B93-414131C3168F}.Release|Any CPU.Build.0 = Release|Any CPU
		{4714C09B-40E2-454D-AC18-905EE0CF3FB3}.Debug|Any CPU.ActiveCfg = Debug|Any CPU
		{4714C09B-40E2-454D-AC18-905EE0CF3FB3}.Debug|Any CPU.Build.0 = Debug|Any CPU
		{4714C09B-40E2-454D-AC18-905EE0CF3FB3}.Debug|Any CPU.Deploy.0 = Debug|Any CPU
		{4714C09B-40E2-454D-AC18-905EE0CF3FB3}.Release|Any CPU.ActiveCfg = Release|Any CPU
		{4714C09B-40E2-454D-AC18-905EE0CF3FB3}.Release|Any CPU.Build.0 = Release|Any CPU
		{4714C09B-40E2-454D-AC18-905EE0CF3FB3}.Release|Any CPU.Deploy.0 = Release|Any CPU
	EndGlobalSection
	GlobalSection(SolutionProperties) = preSolution
		HideSolutionNode = FALSE
	EndGlobalSection
	GlobalSection(ExtensibilityGlobals) = postSolution
		SolutionGuid = {87E3C94C-E0F4-4632-869F-916B5EC7B99F}
	EndGlobalSection
EndGlobal
