
Microsoft Visual Studio Solution File, Format Version 12.00
# Visual Studio Version 17
VisualStudioVersion = 17.4.33213.308
MinimumVisualStudioVersion = 10.0.40219.1
Project("{9A19103F-16F7-4668-BE54-9A1E7A4F7556}") = "SignalRPractice", "SignalRPractice\SignalRPractice.csproj", "{68464D86-CBCD-4F73-9F40-120365070FEA}"
EndProject
Project("{9A19103F-16F7-4668-BE54-9A1E7A4F7556}") = "RabbitConsumerForNotification", "RabbitConsumerForNotification\RabbitConsumerForNotification.csproj", "{EEC10C91-0DB9-4BD8-9B93-414131C3168F}"
EndProject
Project("{E24C65DC-7377-472B-9ABA-BC803B73C61A}") = "SignalRClientApp", "SignalRClientApp\", "{8D4BCA78-FABA-4057-8A25-834E44C67C86}"
	ProjectSection(WebsiteProperties) = preProject
		TargetFrameworkMoniker = ".NETFramework,Version%3Dv4.0"
		Debug.AspNetCompiler.VirtualPath = "/localhost_58438"
		Debug.AspNetCompiler.PhysicalPath = "SignalRClientApp\"
		Debug.AspNetCompiler.TargetPath = "PrecompiledWeb\localhost_58438\"
		Debug.AspNetCompiler.Updateable = "true"
		Debug.AspNetCompiler.ForceOverwrite = "true"
		Debug.AspNetCompiler.FixedNames = "false"
		Debug.AspNetCompiler.Debug = "True"
		Release.AspNetCompiler.VirtualPath = "/localhost_58438"
		Release.AspNetCompiler.PhysicalPath = "SignalRClientApp\"
		Release.AspNetCompiler.TargetPath = "PrecompiledWeb\localhost_58438\"
		Release.AspNetCompiler.Updateable = "true"
		Release.AspNetCompiler.ForceOverwrite = "true"
		Release.AspNetCompiler.FixedNames = "false"
		Release.AspNetCompiler.Debug = "False"
		VWDPort = "58438"
		SlnRelativePath = "SignalRClientApp\"
	EndProjectSection
EndProject
Global
	GlobalSection(SolutionConfigurationPlatforms) = preSolution
		Debug|Any CPU = Debug|Any CPU
		Release|Any CPU = Release|Any CPU
	EndGlobalSection
	GlobalSection(ProjectConfigurationPlatforms) = postSolution
		{68464D86-CBCD-4F73-9F40-120365070FEA}.Debug|Any CPU.ActiveCfg = Debug|Any CPU
		{68464D86-CBCD-4F73-9F40-120365070FEA}.Debug|Any CPU.Build.0 = Debug|Any CPU
		{68464D86-CBCD-4F73-9F40-120365070FEA}.Release|Any CPU.ActiveCfg = Release|Any CPU
		{68464D86-CBCD-4F73-9F40-120365070FEA}.Release|Any CPU.Build.0 = Release|Any CPU
		{EEC10C91-0DB9-4BD8-9B93-414131C3168F}.Debug|Any CPU.ActiveCfg = Debug|Any CPU
		{EEC10C91-0DB9-4BD8-9B93-414131C3168F}.Debug|Any CPU.Build.0 = Debug|Any CPU
		{EEC10C91-0DB9-4BD8-9B93-414131C3168F}.Release|Any CPU.ActiveCfg = Release|Any CPU
		{EEC10C91-0DB9-4BD8-9B93-414131C3168F}.Release|Any CPU.Build.0 = Release|Any CPU
		{8D4BCA78-FABA-4057-8A25-834E44C67C86}.Debug|Any CPU.ActiveCfg = Debug|Any CPU
		{8D4BCA78-FABA-4057-8A25-834E44C67C86}.Debug|Any CPU.Build.0 = Debug|Any CPU
		{8D4BCA78-FABA-4057-8A25-834E44C67C86}.Release|Any CPU.ActiveCfg = Debug|Any CPU
		{8D4BCA78-FABA-4057-8A25-834E44C67C86}.Release|Any CPU.Build.0 = Debug|Any CPU
	EndGlobalSection
	GlobalSection(SolutionProperties) = preSolution
		HideSolutionNode = FALSE
	EndGlobalSection
	GlobalSection(ExtensibilityGlobals) = postSolution
		SolutionGuid = {87E3C94C-E0F4-4632-869F-916B5EC7B99F}
	EndGlobalSection
EndGlobal
